// !$*UTF8*$!
{
	archiveVersion = 1;
	classes = {
	};
	objectVersion = 50;
	objects = {

/* Begin PBXBuildFile section */
		7C39601025DAA18A003685B3 /* DetailViewController.swift in Sources */ = {isa = PBXBuildFile; fileRef = 7C39600F25DAA18A003685B3 /* DetailViewController.swift */; };
		7C51E1F025DC114E00E082EE /* ActressInfo.swift in Sources */ = {isa = PBXBuildFile; fileRef = 7C51E1EF25DC114E00E082EE /* ActressInfo.swift */; };
		7CEBA5DC25B9746400B78665 /* AppDelegate.swift in Sources */ = {isa = PBXBuildFile; fileRef = 7CEBA5DB25B9746400B78665 /* AppDelegate.swift */; };
		7CEBA5DE25B9746400B78665 /* SceneDelegate.swift in Sources */ = {isa = PBXBuildFile; fileRef = 7CEBA5DD25B9746400B78665 /* SceneDelegate.swift */; };
		7CEBA5E325B9746400B78665 /* Main.storyboard in Resources */ = {isa = PBXBuildFile; fileRef = 7CEBA5E125B9746400B78665 /* Main.storyboard */; };
		7CEBA5E525B9746500B78665 /* Assets.xcassets in Resources */ = {isa = PBXBuildFile; fileRef = 7CEBA5E425B9746500B78665 /* Assets.xcassets */; };
		7CEBA5E825B9746500B78665 /* LaunchScreen.storyboard in Resources */ = {isa = PBXBuildFile; fileRef = 7CEBA5E625B9746500B78665 /* LaunchScreen.storyboard */; };
		7CEBA5F325B974C900B78665 /* FavoriteActressController.swift in Sources */ = {isa = PBXBuildFile; fileRef = 7CEBA5F225B974C900B78665 /* FavoriteActressController.swift */; };
/* End PBXBuildFile section */

/* Begin PBXFileReference section */
		7C39600F25DAA18A003685B3 /* DetailViewController.swift */ = {isa = PBXFileReference; lastKnownFileType = sourcecode.swift; path = DetailViewController.swift; sourceTree = "<group>"; };
		7C51E1EF25DC114E00E082EE /* ActressInfo.swift */ = {isa = PBXFileReference; lastKnownFileType = sourcecode.swift; path = ActressInfo.swift; sourceTree = "<group>"; };
		7CEBA5D825B9746400B78665 /* FavoriteActressList.app */ = {isa = PBXFileReference; explicitFileType = wrapper.application; includeInIndex = 0; path = FavoriteActressList.app; sourceTree = BUILT_PRODUCTS_DIR; };
		7CEBA5DB25B9746400B78665 /* AppDelegate.swift */ = {isa = PBXFileReference; lastKnownFileType = sourcecode.swift; path = AppDelegate.swift; sourceTree = "<group>"; };
		7CEBA5DD25B9746400B78665 /* SceneDelegate.swift */ = {isa = PBXFileReference; lastKnownFileType = sourcecode.swift; path = SceneDelegate.swift; sourceTree = "<group>"; };
		7CEBA5E225B9746400B78665 /* Base */ = {isa = PBXFileReference; lastKnownFileType = file.storyboard; name = Base; path = Base.lproj/Main.storyboard; sourceTree = "<group>"; };
		7CEBA5E425B9746500B78665 /* Assets.xcassets */ = {isa = PBXFileReference; lastKnownFileType = folder.assetcatalog; path = Assets.xcassets; sourceTree = "<group>"; };
		7CEBA5E725B9746500B78665 /* Base */ = {isa = PBXFileReference; lastKnownFileType = file.storyboard; name = Base; path = Base.lproj/LaunchScreen.storyboard; sourceTree = "<group>"; };
		7CEBA5E925B9746500B78665 /* Info.plist */ = {isa = PBXFileReference; lastKnownFileType = text.plist.xml; path = Info.plist; sourceTree = "<group>"; };
		7CEBA5F225B974C900B78665 /* FavoriteActressController.swift */ = {isa = PBXFileReference; lastKnownFileType = sourcecode.swift; path = FavoriteActressController.swift; sourceTree = "<group>"; };
/* End PBXFileReference section */

/* Begin PBXFrameworksBuildPhase section */
		7CEBA5D525B9746400B78665 /* Frameworks */ = {
			isa = PBXFrameworksBuildPhase;
			buildActionMask = 2147483647;
			files = (
			);
			runOnlyForDeploymentPostprocessing = 0;
		};
/* End PBXFrameworksBuildPhase section */

/* Begin PBXGroup section */
		7CEBA5CF25B9746400B78665 = {
			isa = PBXGroup;
			children = (
				7CEBA5DA25B9746400B78665 /* FavoriteActressList */,
				7CEBA5D925B9746400B78665 /* Products */,
			);
			sourceTree = "<group>";
		};
		7CEBA5D925B9746400B78665 /* Products */ = {
			isa = PBXGroup;
			children = (
				7CEBA5D825B9746400B78665 /* FavoriteActressList.app */,
			);
			name = Products;
			sourceTree = "<group>";
		};
		7CEBA5DA25B9746400B78665 /* FavoriteActressList */ = {
			isa = PBXGroup;
			children = (
				7CEBA5DB25B9746400B78665 /* AppDelegate.swift */,
				7CEBA5F225B974C900B78665 /* FavoriteActressController.swift */,
				7C51E1EF25DC114E00E082EE /* ActressInfo.swift */,
				7CEBA5DD25B9746400B78665 /* SceneDelegate.swift */,
				7CEBA5E125B9746400B78665 /* Main.storyboard */,
				7C39600F25DAA18A003685B3 /* DetailViewController.swift */,
				7CEBA5E425B9746500B78665 /* Assets.xcassets */,
				7CEBA5E625B9746500B78665 /* LaunchScreen.storyboard */,
				7CEBA5E925B9746500B78665 /* Info.plist */,
			);
			path = FavoriteActressList;
			sourceTree = "<group>";
		};
/* End PBXGroup section */

/* Begin PBXNativeTarget section */
		7CEBA5D725B9746400B78665 /* FavoriteActressList */ = {
			isa = PBXNativeTarget;
			buildConfigurationList = 7CEBA5EC25B9746500B78665 /* Build configuration list for PBXNativeTarget "FavoriteActressList" */;
			buildPhases = (
				7CEBA5D425B9746400B78665 /* Sources */,
				7CEBA5D525B9746400B78665 /* Frameworks */,
				7CEBA5D625B9746400B78665 /* Resources */,
			);
			buildRules = (
			);
			dependencies = (
			);
			name = FavoriteActressList;
			productName = FavoriteActressList;
			productReference = 7CEBA5D825B9746400B78665 /* FavoriteActressList.app */;
			productType = "com.apple.product-type.application";
		};
/* End PBXNativeTarget section */

/* Begin PBXProject section */
		7CEBA5D025B9746400B78665 /* Project object */ = {
			isa = PBXProject;
			attributes = {
				LastSwiftUpdateCheck = 1230;
				LastUpgradeCheck = 1230;
				TargetAttributes = {
					7CEBA5D725B9746400B78665 = {
						CreatedOnToolsVersion = 12.3;
					};
				};
			};
			buildConfigurationList = 7CEBA5D325B9746400B78665 /* Build configuration list for PBXProject "FavoriteActressList" */;
			compatibilityVersion = "Xcode 9.3";
			developmentRegion = en;
			hasScannedForEncodings = 0;
			knownRegions = (
				en,
				Base,
			);
			mainGroup = 7CEBA5CF25B9746400B78665;
			productRefGroup = 7CEBA5D925B9746400B78665 /* Products */;
			projectDirPath = "";
			projectRoot = "";
			targets = (
				7CEBA5D725B9746400B78665 /* FavoriteActressList */,
			);
		};
/* End PBXProject section */

/* Begin PBXResourcesBuildPhase section */
		7CEBA5D625B9746400B78665 /* Resources */ = {
			isa = PBXResourcesBuildPhase;
			buildActionMask = 2147483647;
			files = (
				7CEBA5E825B9746500B78665 /* LaunchScreen.storyboard in Resources */,
				7CEBA5E525B9746500B78665 /* Assets.xcassets in Resources */,
				7CEBA5E325B9746400B78665 /* Main.storyboard in Resources */,
			);
			runOnlyForDeploymentPostprocessing = 0;
		};
/* End PBXResourcesBuildPhase section */

/* Begin PBXSourcesBuildPhase section */
		7CEBA5D425B9746400B78665 /* Sources */ = {
			isa = PBXSourcesBuildPhase;
			buildActionMask = 2147483647;
			files = (
				7C51E1F025DC114E00E082EE /* ActressInfo.swift in Sources */,
				7CEBA5DC25B9746400B78665 /* AppDelegate.swift in Sources */,
				7CEBA5DE25B9746400B78665 /* SceneDelegate.swift in Sources */,
				7CEBA5F325B974C900B78665 /* FavoriteActressController.swift in Sources */,
				7C39601025DAA18A003685B3 /* DetailViewController.swift in Sources */,
			);
			runOnlyForDeploymentPostprocessing = 0;
		};
/* End PBXSourcesBuildPhase section */

/* Begin PBXVariantGroup section */
		7CEBA5E125B9746400B78665 /* Main.storyboard */ = {
			isa = PBXVariantGroup;
			children = (
				7CEBA5E225B9746400B78665 /* Base */,
			);
			name = Main.storyboard;
			sourceTree = "<group>";
		};
		7CEBA5E625B9746500B78665 /* LaunchScreen.storyboard */ = {
			isa = PBXVariantGroup;
			children = (
				7CEBA5E725B9746500B78665 /* Base */,
			);
			name = LaunchScreen.storyboard;
			sourceTree = "<group>";
		};
/* End PBXVariantGroup section */

/* Begin XCBuildConfiguration section */
		7CEBA5EA25B9746500B78665 /* Debug */ = {
			isa = XCBuildConfiguration;
			buildSettings = {
				ALWAYS_SEARCH_USER_PATHS = NO;
				CLANG_ANALYZER_NONNULL = YES;
				CLANG_ANALYZER_NUMBER_OBJECT_CONVERSION = YES_AGGRESSIVE;
				CLANG_CXX_LANGUAGE_STANDARD = "gnu++14";
				CLANG_CXX_LIBRARY = "libc++";
				CLANG_ENABLE_MODULES = YES;
				CLANG_ENABLE_OBJC_ARC = YES;
				CLANG_ENABLE_OBJC_WEAK = YES;
				CLANG_WARN_BLOCK_CAPTURE_AUTORELEASING = YES;
				CLANG_WARN_BOOL_CONVERSION = YES;
				CLANG_WARN_COMMA = YES;
				CLANG_WARN_CONSTANT_CONVERSION = YES;
				CLANG_WARN_DEPRECATED_OBJC_IMPLEMENTATIONS = YES;
				CLANG_WARN_DIRECT_OBJC_ISA_USAGE = YES_ERROR;
				CLANG_WARN_DOCUMENTATION_COMMENTS = YES;
				CLANG_WARN_EMPTY_BODY = YES;
				CLANG_WARN_ENUM_CONVERSION = YES;
				CLANG_WARN_INFINITE_RECURSION = YES;
				CLANG_WARN_INT_CONVERSION = YES;
				CLANG_WARN_NON_LITERAL_NULL_CONVERSION = YES;
				CLANG_WARN_OBJC_IMPLICIT_RETAIN_SELF = YES;
				CLANG_WARN_OBJC_LITERAL_CONVERSION = YES;
				CLANG_WARN_OBJC_ROOT_CLASS = YES_ERROR;
				CLANG_WARN_QUOTED_INCLUDE_IN_FRAMEWORK_HEADER = YES;
				CLANG_WARN_RANGE_LOOP_ANALYSIS = YES;
				CLANG_WARN_STRICT_PROTOTYPES = YES;
				CLANG_WARN_SUSPICIOUS_MOVE = YES;
				CLANG_WARN_UNGUARDED_AVAILABILITY = YES_AGGRESSIVE;
				CLANG_WARN_UNREACHABLE_CODE = YES;
				CLANG_WARN__DUPLICATE_METHOD_MATCH = YES;
				COPY_PHASE_STRIP = NO;
				DEBUG_INFORMATION_FORMAT = dwarf;
				ENABLE_STRICT_OBJC_MSGSEND = YES;
				ENABLE_TESTABILITY = YES;
				GCC_C_LANGUAGE_STANDARD = gnu11;
				GCC_DYNAMIC_NO_PIC = NO;
				GCC_NO_COMMON_BLOCKS = YES;
				GCC_OPTIMIZATION_LEVEL = 0;
				GCC_PREPROCESSOR_DEFINITIONS = (
					"DEBUG=1",
					"$(inherited)",
				);
				GCC_WARN_64_TO_32_BIT_CONVERSION = YES;
				GCC_WARN_ABOUT_RETURN_TYPE = YES_ERROR;
				GCC_WARN_UNDECLARED_SELECTOR = YES;
				GCC_WARN_UNINITIALIZED_AUTOS = YES_AGGRESSIVE;
				GCC_WARN_UNUSED_FUNCTION = YES;
				GCC_WARN_UNUSED_VARIABLE = YES;
				IPHONEOS_DEPLOYMENT_TARGET = 14.3;
				MTL_ENABLE_DEBUG_INFO = INCLUDE_SOURCE;
				MTL_FAST_MATH = YES;
				ONLY_ACTIVE_ARCH = YES;
				SDKROOT = iphoneos;
				SWIFT_ACTIVE_COMPILATION_CONDITIONS = DEBUG;
				SWIFT_OPTIMIZATION_LEVEL = "-Onone";
			};
			name = Debug;
		};
		7CEBA5EB25B9746500B78665 /* Release */ = {
			isa = XCBuildConfiguration;
			buildSettings = {
				ALWAYS_SEARCH_USER_PATHS = NO;
				CLANG_ANALYZER_NONNULL = YES;
				CLANG_ANALYZER_NUMBER_OBJECT_CONVERSION = YES_AGGRESSIVE;
				CLANG_CXX_LANGUAGE_STANDARD = "gnu++14";
				CLANG_CXX_LIBRARY = "libc++";
				CLANG_ENABLE_MODULES = YES;
				CLANG_ENABLE_OBJC_ARC = YES;
				CLANG_ENABLE_OBJC_WEAK = YES;
				CLANG_WARN_BLOCK_CAPTURE_AUTORELEASING = YES;
				CLANG_WARN_BOOL_CONVERSION = YES;
				CLANG_WARN_COMMA = YES;
				CLANG_WARN_CONSTANT_CONVERSION = YES;
				CLANG_WARN_DEPRECATED_OBJC_IMPLEMENTATIONS = YES;
				CLANG_WARN_DIRECT_OBJC_ISA_USAGE = YES_ERROR;
				CLANG_WARN_DOCUMENTATION_COMMENTS = YES;
				CLANG_WARN_EMPTY_BODY = YES;
				CLANG_WARN_ENUM_CONVERSION = YES;
				CLANG_WARN_INFINITE_RECURSION = YES;
				CLANG_WARN_INT_CONVERSION = YES;
				CLANG_WARN_NON_LITERAL_NULL_CONVERSION = YES;
				CLANG_WARN_OBJC_IMPLICIT_RETAIN_SELF = YES;
				CLANG_WARN_OBJC_LITERAL_CONVERSION = YES;
				CLANG_WARN_OBJC_ROOT_CLASS = YES_ERROR;
				CLANG_WARN_QUOTED_INCLUDE_IN_FRAMEWORK_HEADER = YES;
				CLANG_WARN_RANGE_LOOP_ANALYSIS = YES;
				CLANG_WARN_STRICT_PROTOTYPES = YES;
				CLANG_WARN_SUSPICIOUS_MOVE = YES;
				CLANG_WARN_UNGUARDED_AVAILABILITY = YES_AGGRESSIVE;
				CLANG_WARN_UNREACHABLE_CODE = YES;
				CLANG_WARN__DUPLICATE_METHOD_MATCH = YES;
				COPY_PHASE_STRIP = NO;
				DEBUG_INFORMATION_FORMAT = "dwarf-with-dsym";
				ENABLE_NS_ASSERTIONS = NO;
				ENABLE_STRICT_OBJC_MSGSEND = YES;
				GCC_C_LANGUAGE_STANDARD = gnu11;
				GCC_NO_COMMON_BLOCKS = YES;
				GCC_WARN_64_TO_32_BIT_CONVERSION = YES;
				GCC_WARN_ABOUT_RETURN_TYPE = YES_ERROR;
				GCC_WARN_UNDECLARED_SELECTOR = YES;
				GCC_WARN_UNINITIALIZED_AUTOS = YES_AGGRESSIVE;
				GCC_WARN_UNUSED_FUNCTION = YES;
				GCC_WARN_UNUSED_VARIABLE = YES;
				IPHONEOS_DEPLOYMENT_TARGET = 14.3;
				MTL_ENABLE_DEBUG_INFO = NO;
				MTL_FAST_MATH = YES;
				SDKROOT = iphoneos;
				SWIFT_COMPILATION_MODE = wholemodule;
				SWIFT_OPTIMIZATION_LEVEL = "-O";
				VALIDATE_PRODUCT = YES;
			};
			name = Release;
		};
		7CEBA5ED25B9746500B78665 /* Debug */ = {
			isa = XCBuildConfiguration;
			buildSettings = {
				ASSETCATALOG_COMPILER_APPICON_NAME = AppIcon;
				ASSETCATALOG_COMPILER_GLOBAL_ACCENT_COLOR_NAME = AccentColor;
				CODE_SIGN_STYLE = Automatic;
				DEVELOPMENT_TEAM = 2Z7YX43544;
				INFOPLIST_FILE = FavoriteActressList/Info.plist;
				IPHONEOS_DEPLOYMENT_TARGET = 13.0;
				LD_RUNPATH_SEARCH_PATHS = (
					"$(inherited)",
					"@executable_path/Frameworks",
				);
				PRODUCT_BUNDLE_IDENTIFIER = test.FavoriteActressList;
				PRODUCT_NAME = "$(TARGET_NAME)";
				SWIFT_VERSION = 5.0;
				TARGETED_DEVICE_FAMILY = "1,2";
			};
			name = Debug;
		};
		7CEBA5EE25B9746500B78665 /* Release */ = {
			isa = XCBuildConfiguration;
			buildSettings = {
				ASSETCATALOG_COMPILER_APPICON_NAME = AppIcon;
				ASSETCATALOG_COMPILER_GLOBAL_ACCENT_COLOR_NAME = AccentColor;
				CODE_SIGN_STYLE = Automatic;
				DEVELOPMENT_TEAM = 2Z7YX43544;
				INFOPLIST_FILE = FavoriteActressList/Info.plist;
				IPHONEOS_DEPLOYMENT_TARGET = 13.0;
				LD_RUNPATH_SEARCH_PATHS = (
					"$(inherited)",
					"@executable_path/Frameworks",
				);
				PRODUCT_BUNDLE_IDENTIFIER = test.FavoriteActressList;
				PRODUCT_NAME = "$(TARGET_NAME)";
				SWIFT_VERSION = 5.0;
				TARGETED_DEVICE_FAMILY = "1,2";
			};
			name = Release;
		};
/* End XCBuildConfiguration section */

/* Begin XCConfigurationList section */
		7CEBA5D325B9746400B78665 /* Build configuration list for PBXProject "FavoriteActressList" */ = {
			isa = XCConfigurationList;
			buildConfigurations = (
				7CEBA5EA25B9746500B78665 /* Debug */,
				7CEBA5EB25B9746500B78665 /* Release */,
			);
			defaultConfigurationIsVisible = 0;
			defaultConfigurationName = Release;
		};
		7CEBA5EC25B9746500B78665 /* Build configuration list for PBXNativeTarget "FavoriteActressList" */ = {
			isa = XCConfigurationList;
			buildConfigurations = (
				7CEBA5ED25B9746500B78665 /* Debug */,
				7CEBA5EE25B9746500B78665 /* Release */,
			);
			defaultConfigurationIsVisible = 0;
			defaultConfigurationName = Release;
		};
/* End XCConfigurationList section */
	};
	rootObject = 7CEBA5D025B9746400B78665 /* Project object */;
}
